# This file is automatically @generated by Poetry 2.4.1 and should not be changed by hand.

[[package]]
name = "colorama"
version = "0.4.6"
description = "Cross-platform colored terminal text."
optional = false
python-versions = "!=3.0.*,!=3.1.*,!=3.2.*,!=3.3.*,!=3.4.*,!=3.5.*,!=3.6.*,>=2.7"
groups = ["dev"]
files = [
    {file = "colorama-0.4.6-py2.py3-none-any.whl", hash = "sha256:4f1d9991f5acc0ca119f9d443620b77f9d6b33703e51011c16baf57afb285fc6"},
    {file = "colorama-0.4.6.tar.gz", hash = "sha256:08695f5cb7ed6e0531a20572697297273c47b8cae5a63ffc6d6ed5c201be6e44"},
]

[[package]]
name = "coverage"
version = "7.14.2"
description = "Code coverage measurement for Python"
optional = false
python-versions = ">=3.10"
groups = ["dev"]
files = [
    {file = "coverage-7.14.2-cp310-cp310-macosx_10_9_x86_64.whl", hash = "sha256:59b75818e3046e9319143157f3dc4b43679a550c2060a17cbf3e39cc0b552925"},
    {file = "coverage-7.14.2-cp310-cp310-macosx_11_0_arm64.whl", hash = "sha256:66b08ba4c5cbf0eaa2e9692b203073f198d5d469d8b15d1c7a4854ce7032b2e2"},
    {file = "coverage-7.14.2-cp310-cp310-manylinux1_i686.manylinux_2_28_i686.manylinux_2_5_i686.whl", hash = "sha256:70f266b536c590060b707dddfb6cf9f17e24fd30b992242e774543d256265c43"},
    {file = "coverage-7.14.2-cp310-cp310-manylinux1_x86_64.manylinux_2_28_x86_64.manylinux_2_5_x86_64.whl", hash = "sha256:fb40cac5b1a6378fdccc99268f1033112ee4636e4fd9aaf240f6930d1fcea12c"},
    {file = "coverage-7.14.2-cp310-cp310-manylinux2014_aarch64.manylinux_2_17_aarch64.manylinux_2_28_aarch64.whl", hash = "sha256:9c301fe9990cb5c081bf4881cb498743807c8e0e93fad7b85c02788456492ef8"},
    {file = "coverage-7.14.2-cp310-cp310-manylinux2014_ppc64le.manylinux_2_17_ppc64le.manylinux_2_28_ppc64le.whl", hash = "sha256:d67b0462c8a3c3d93033e7c79cacdfc57d08e5220d9115bcb24a23edf5a5900d"},
    {file = "coverage-7.14.2-cp310-cp310-manylinux_2_31_riscv64.manylinux_2_39_riscv64.whl", hash = "sha256:0e763087828ee9644f0c89c57f9b75f0a50fdf3e8f5d8fac5cfc351337e89a99"},
    {file = "coverage-7.14.2-cp310-cp310-musllinux_1_2_aarch64.whl", hash = "sha256:6d4da2baab6d96ceedd9176b3c142e1198b0310bc8dc04e18a3caab65c3a322c"},
    {file = "coverage-7.14.2-cp310-cp310-musllinux_1_2_i686.whl", hash = "sha256:ab565a405bfdea61260145d8cc987aa66d1998fd0e0ccd4348008f4e6a39ee33"},
    {file = "coverage-7.14.2-cp310-cp310-musllinux_1_2_ppc64le.whl", hash = "sha256:c13230b688fbb9122251b74daa092175811eb64cb7bd1c98e2c8193dfa2b0bd5"},
    {file = "coverage-7.14.2-cp310-cp310-musllinux_1_2_riscv64.whl", hash = "sha256:014c83ba1ec97993cfe94e77fe6b56daa76bc0c218b86938971574c28942d044"},
    {file = "coverage-7.14.2-cp310-cp310-musllinux_1_2_x86_64.whl", hash = "sha256:6caf54ffbf84b30470a8118f275afee9234e616572e4e41bae1dc19198c37294"},
    {file = "coverage-7.14.2-cp310-cp310-win32.whl", hash = "sha256:4bf9d8a35f77df5638c61b5012ba5225109ec1cc15bc5eb097036b3c3cc939f3"},
    {file = "coverage-7.14.2-cp310-cp310-win_amd64.whl", hash = "sha256:c1f17a8caebe0facd4556b1e0adfe0987c17feebed88e7bb6b5365c45c84c5d6"},
    {file = "coverage-7.14.2-cp311-cp311-macosx_10_9_x86_64.whl", hash = "sha256:909f265c8c41f04c824bf741b2601fdcb56cab4bf56e018996b6494192ba0f58"},
    {file = "coverage-7.14.2-cp311-cp311-macosx_11_0_arm64.whl", hash = "sha256:c8102deaf911938233f760426e6a5e287388521de95111d5c8de26c8a1028924"},
    {file = "coverage-7.14.2-cp311-cp311-manylinux1_i686.manylinux_2_28_i686.manylinux_2_5_i686.whl", hash = "sha256:851f49e7bd7d1cdaf328f3133942b252d5e3d3380690131f423cba8e435b87f5"},
    {file = "coverage-7.14.2-cp311-cp311-manylinux1_x86_64.manylinux_2_28_x86_64.manylinux_2_5_x86_64.whl", hash = "sha256:04cb445bed86aaf00aaa97d41a8b6e30f100f21e81c34caaec4efc684cb57768"},
    {file = "coverage-7.14.2-cp311-cp311-manylinux2014_aarch64.manylinux_2_17_aarch64.manylinux_2_28_aarch64.whl", hash = "sha256:7471bc920d97c51c37ea8127f13b2adca43c3d78c53313b26a1f428e99d2c254"},
    {file = "coverage-7.14.2-cp311-cp311-manylinux2014_ppc64le.manylinux_2_17_ppc64le.manylinux_2_28_ppc64le.whl", hash = "sha256:da5057e1bb257c967feee8ba67f3ebf379e801c7717f238b3d8c9caf00fc8f93"},
    {file = "coverage-7.14.2-cp311-cp311-manylinux_2_31_riscv64.manylinux_2_39_riscv64.whl", hash = "sha256:33c0da852e8a40246cd8e20cf3b2fc17ca52a45e9b5f7983c93db26f5d24b87b"},
    {file = "coverage-7.14.2-cp311-cp311-musllinux_1_2_aarch64.whl", hash = "sha256:f48a85bb437fab7782021c40bfee6b15146928b96960d008ace41b6901a0f21d"},
    {file = "coverage-7.14.2-cp311-cp311-musllinux_1_2_i686.whl", hash = "sha256:f44e7579a769a21d5b5e3166916bfe30ee175aaffff750324cbb11be2dbec5ad"},
    {file = "coverage-7.14.2-cp311-cp311-musllinux_1_2_ppc64le.whl", hash = "sha256:78853ca3c6ca2f012daa2b07dbabbb8db0f09d4dbe8ee828d294b3445d3f4cd8"},
    {file = "coverage-7.14.2-cp311-cp311-musllinux_1_2_riscv64.whl", hash = "sha256:c9c2795ee3692097ff226ab806005d36bb9691fca9b35353542b57ea749cc830"},
    {file = "coverage-7.14.2-cp311-cp311-musllinux_1_2_x86_64.whl", hash = "sha256:2f5cc48a845d755b6db236f8c29c2b54773eb4c7e4ee2ead43812d73718784b0"},
    {file = "coverage-7.14.2-cp311-cp311-win32.whl", hash = "sha256:9c61cb7eaabcfa609c5bc0f5ff5869d72a2f02f17994e5fba5f971de516f3c82"},
    {file = "coverage-7.14.2-cp311-cp311-win_amd64.whl", hash = "sha256:e715909b0966d1774d8a26e14e2f4a3ae75909dca526901c6306286b2dcbfbdc"},
    {file = "coverage-7.14.2-cp311-cp311-win_arm64.whl", hash = "sha256:9193f7150937a4fd836b10eaa123e15d98e961d1fabac07e60adf2d4785f888a"},
    {file = "coverage-7.14.2-cp312-cp312-macosx_10_13_x86_64.whl", hash = "sha256:37c94712e533ea06f0b1e4d934811c520b1914ce0e4da3916220717aa7a86bc6"},
    {file = "coverage-7.14.2-cp312-cp312-macosx_11_0_arm64.whl", hash = "sha256:c050bbc7bba94c77e4ed7438f4fda1babe98ab145691d80aa6f60df934a1468b"},
    {file = "coverage-7.14.2-cp312-cp312-manylinux1_i686.manylinux_2_28_i686.manylinux_2_5_i686.whl", hash = "sha256:a7af571767a2ee342a171c16fc1b1a07a0bf511606d381703fb7cf397fe49d46"},
    {file = "coverage-7.14.2-cp312-cp312-manylinux1_x86_64.manylinux_2_28_x86_64.manylinux_2_5_x86_64.whl", hash = "sha256:8b4910cce599cd2438f8da65f5ef199a70a1cdb6ab314926df78271ca5954240"},
    {file = "coverage-7.14.2-cp312-cp312-manylinux2014_aarch64.manylinux_2_17_aarch64.manylinux_2_28_aarch64.whl", hash = "sha256:c33e9e4878972f430b0cc06de3bf2a28d054a9efb4f8426d27de0d9cb81396ff"},
    {file = "coverage-7.14.2-cp312-cp312-manylinux2014_ppc64le.manylinux_2_17_ppc64le.manylinux_2_28_ppc64le.whl", hash = "sha256:e7967ea55c6dea6becba4d5870e2fa0aa4915a8be7ebff1bb79e6207aa75ce8d"},
    {file = "coverage-7.14.2-cp312-cp312-manylinux_2_31_riscv64.manylinux_2_39_riscv64.whl", hash = "sha256:d1322f237c2979b84096f4239c17828ff17fea6b3bbe96c44381c5f587c44c26"},
    {file = "coverage-7.14.2-cp312-cp312-musllinux_1_2_aarch64.whl", hash = "sha256:77849525340c99f516d793dddbcee16b18d50af892ac43c8de1a6f343d41e3b5"},
    {file = "coverage-7.14.2-cp312-cp312-musllinux_1_2_i686.whl", hash = "sha256:ef11695493ec3f06f7b2678ca274bcabb4ca04057317df268ddbfd8b05f661a8"},
    {file = "coverage-7.14.2-cp312-cp312-musllinux_1_2_ppc64le.whl", hash = "sha256:8134f0e0723e080d1c27bbe8fc149f0162e429fa1852482150015d0fce83eaf1"},
    {file = "coverage-7.14.2-cp312-cp312-musllinux_1_2_riscv64.whl", hash = "sha256:914eead2b843fc357f733b3fe39cc94f1b53d466e8cfe03080b1ed9d24ccfc73"},
    {file = "coverage-7.14.2-cp312-cp312-musllinux_1_2_x86_64.whl", hash = "sha256:e4b2d5e847fb7958583b74910cc19e5ec4ece514487385677b26433b2546116e"},
    {file = "coverage-7.14.2-cp312-cp312-win32.whl", hash = "sha256:e753db9e40dda7302e0ac3e1e6e1325fb7f7b4694f87a7314ab15dd5d57911a7"},
    {file = "coverage-7.14.2-cp312-cp312-win_amd64.whl", hash = "sha256:d32e5ca5f16dafb269ee50b60d32b00c704b3f6f78e238105f1d94a3a5f24bf5"},
    {file = "coverage-7.14.2-cp312-cp312-win_arm64.whl", hash = "sha256:dc366f158e2fb2add9d4e57338ca48f12611024278688ee657eb0b853fcb5de5"},
    {file = "coverage-7.14.2-cp313-cp313-macosx_10_13_x86_64.whl", hash = "sha256:e5f077641a6713ce9d38df9e85d4fb9e008677fc0775cbaeb32ddfc3b319d4ca"},
    {file = "coverage-7.14.2-cp313-cp313-macosx_11_0_arm64.whl", hash = "sha256:0907f39b49ae818fe8af50aaa0f19afbc8ca164aea0865181ca7af17a3ac690b"},
    {file = "coverage-7.14.2-cp313-cp313-manylinux1_i686.manylinux_2_28_i686.manylinux_2_5_i686.whl", hash = "sha256:5734d47669118d75c28981e562d4530ceb77342d31ffef6def5edd5ad4f05d7b"},
    {file = "coverage-7.14.2-cp313-cp313-manylinux1_x86_64.manylinux_2_28_x86_64.manylinux_2_5_x86_64.whl", hash = "sha256:1d9a1b5813d00ea6151f6ccf64d1fa16892771dfdda12ba87162d15ec4ea3e1e"},
    {file = "coverage-7.14.2-cp313-cp313-manylinux2014_aarch64.manylinux_2_17_aarch64.manylinux_2_28_aarch64.whl", hash = "sha256:9f0a80f4c8ac3f774210b1cc1bc0e31e75502f2818dda9a144ff90e702c4d91d"},
    {file = "coverage-7.14.2-cp313-cp313-manylinux2014_ppc64le.manylinux_2_17_ppc64le.manylinux_2_28_ppc64le.whl", hash = "sha256:c2e66f3f22d6c1515ce70f2e7c3e9c6f3ff0ff33480125c9f9c53e8f6508e30f"},
    {file = "coverage-7.14.2-cp313-cp313-manylinux_2_31_riscv64.manylinux_2_39_riscv64.whl", hash = "sha256:6a2c37c3114f87ca7f10113756026eecb49656514debad600dcbec21f355ccea"},
    {file = "coverage-7.14.2-cp313-cp313-musllinux_1_2_aarch64.whl", hash = "sha256:3b16a7959d04b1497281c062c180413565c3f3469211d78799ad5b9a75f67796"},
    {file = "coverage-7.14.2-cp313-cp313-musllinux_1_2_i686.whl", hash = "sha256:6466c6999545cf00c4c142dfcbbf2db396dc735f005dcf8f91d57e351a79472b"},
    {file = "coverage-7.14.2-cp313-cp313-musllinux_1_2_ppc64le.whl", hash = "sha256:5c60915ebb8f562317ba5ff6b8c32e25c0882289b201a9f2fb2987f91efd95d8"},
    {file = "coverage-7.14.2-cp313-cp313-musllinux_1_2_riscv64.whl", hash = "sha256:33b830850488acbcd358c78a4fecfafe7031667b4da8ddff5546295dc962cdeb"},
    {file = "coverage-7.14.2-cp313-cp313-musllinux_1_2_x86_64.whl", hash = "sha256:d0f845539230b8269aec902bc978b0cc403f52f002d18a04492efc943404d0bc"},
    {file = "coverage-7.14.2-cp313-cp313-win32.whl", hash = "sha256:a8ac51a2e441e9119b9395f4d893fbc4934c64c8ba58be9b9eaa85591249e548"},
    {file = "coverage-7.14.2-cp313-cp313-win_amd64.whl", hash = "sha256:039b264cdb31c44b48f9821e2afbf8f37df49e0fb837e24a942918b36c567e31"},
    {file = "coverage-7.14.2-cp313-cp313-win_arm64.whl", hash = "sha256:7f2ef591e381cc36b8e53334e1b842c760c520c8a52d01e8626209400e93fe6a"},
    {file = "coverage-7.14.2-cp314-cp314-macosx_10_15_x86_64.whl", hash = "sha256:7a0d1f026b72d627fa5c8a57cbc86ad209b64aa2a65833c83b290ace5cbee126"},
    {file = "coverage-7.14.2-cp314-cp314-macosx_11_0_arm64.whl", hash = "sha256:4d2b86f81c1c9310a7e774e3cc9e927a3d0bf583ecbfa01498dd626930025428"},
    {file = "coverage-7.14.2-cp314-cp314-manylinux1_i686.manylinux_2_28_i686.manylinux_2_5_i686.whl", hash = "sha256:d76bdc1f9396ae70a55d050cf9743d88141c62ce0a22a3f627fab1d11c2f8bc6"},
    {file = "coverage-7.14.2-cp314-cp314-manylinux1_x86_64.manylinux_2_28_x86_64.manylinux_2_5_x86_64.whl", hash = "sha256:cda36d8e7bfd63b3e44e75163265429caa5d935b672b00f71bccc8c010518c64"},
    {file = "coverage-7.14.2-cp314-cp314-manylinux2014_aarch64.manylinux_2_17_aarch64.manylinux_2_28_aarch64.whl", hash = "sha256:0904f3b79d7b845bef0715afe1900da634d12b97f05b9479cb472880ca07cb9c"},
    {file = "coverage-7.14.2-cp314-cp314-manylinux2014_ppc64le.manylinux_2_17_ppc64le.manylinux_2_28_ppc64le.whl", hash = "sha256:b6795ca4198d6cb7fc2c6163214f6555a6bc5f0ae1e268e76139dec4b37c4499"},
    {file = "coverage-7.14.2-cp314-cp314-manylinux_2_31_riscv64.manylinux_2_39_riscv64.whl", hash = "sha256:c41e9b60fc0fa57f5d73306417d2f9d668202cca6944f9435878c55a5e7ae213"},
    {file = "coverage-7.14.2-cp314-cp314-musllinux_1_2_aarch64.whl", hash = "sha256:419d2aadd5746efc2e9df0f33c05570d8192e6f6a6098ab05acce586f44ce8a5"},
    {file = "coverage-7.14.2-cp314-cp314-musllinux_1_2_i686.whl", hash = "sha256:1c5d273c5f1411c0d26c4f066c398d4a434b1f97bb5fa409189bedce86d4add4"},
    {file = "coverage-7.14.2-cp314-cp314-musllinux_1_2_ppc64le.whl", hash = "sha256:5fe465bc691264adce601527a972990c1174075d86bcbe9968fd20c95e0b1948"},
    {file = "coverage-7.14.2-cp314-cp314-musllinux_1_2_riscv64.whl", hash = "sha256:6fbb61617af1c56f95d53170ae9fa6c9aef6de1abd02fcc50064bfc672efb18d"},
    {file = "coverage-7.14.2-cp314-cp314-musllinux_1_2_x86_64.whl", hash = "sha256:e1eff22b831dfd5694989cc1f0789980f18391f614ac67c851af9a8e6d25e9ba"},
    {file = "coverage-7.14.2-cp314-cp314-win32.whl", hash = "sha256:58e91be0a233adef698d3e6be54f10401bb91fd7854c0d4c4d50e0d3711e72f1"},
    {file = "coverage-7.14.2-cp314-cp314-win_amd64.whl", hash = "sha256:d8429bf97906bfe6c61f9dbfb3342e0d88120da61939da8bd04f830cc3eab3b8"},
    {file = "coverage-7.14.2-cp314-cp314-win_arm64.whl", hash = "sha256:13609d9d77249447aa73357b14831b0f3b95f275026c9ff20dd105f981f53a0c"},
    {file = "coverage-7.14.2-cp314-cp314t-macosx_10_15_x86_64.whl", hash = "sha256:9818486c2bac88ae931df7e04905ee29bef49fd218c00f5f02bed4855254a101"},
    {file = "coverage-7.14.2-cp314-cp314t-macosx_11_0_arm64.whl", hash = "sha256:58055adffabfa243516a197aa9f85f0dd56d905b0fba1a10193269759c29ccb0"},
    {file = "coverage-7.14.2-cp314-cp314t-manylinux1_i686.manylinux_2_28_i686.manylinux_2_5_i686.whl", hash = "sha256:535747dbc200349d7fb434cffcb28e770f0290f69b225f56dc3803aa7210cdea"},
    {file = "coverage-7.14.2-cp314-cp314t-manylinux1_x86_64.manylinux_2_28_x86_64.manylinux_2_5_x86_64.whl", hash = "sha256:420c66e35d85c0ca5dc6a38147d83ef239762542900e5921ebbdb89333c540ea"},
    {file = "coverage-7.14.2-cp314-cp314t-manylinux2014_aarch64.manylinux_2_17_aarch64.manylinux_2_28_aarch64.whl", hash = "sha256:f2cf17b33773be446a588551ea6a746b2d70dd0bc90dc31f1dd7648975a63c6b"},
    {file = "coverage-7.14.2-cp314-cp314t-manylinux2014_ppc64le.manylinux_2_17_ppc64le.manylinux_2_28_ppc64le.whl", hash = "sha256:adb4a5fef041f7179bb264203add873c147d169cf2f8d0adae89ff2e51271bac"},
    {file = "coverage-7.14.2-cp314-cp314t-manylinux_2_31_riscv64.manylinux_2_39_riscv64.whl", hash = "sha256:9c012ec357dec9408a83dad5541172a63c5cfa1421709f2e5811480d31ae1b28"},
    {file = "coverage-7.14.2-cp314-cp314t-musllinux_1_2_aarch64.whl", hash = "sha256:dacd0ecd08fda3cb2f85b60cabea7da326dcb2fc15fbb23a88830a80144cc9f2"},
    {file = "coverage-7.14.2-cp314-cp314t-musllinux_1_2_i686.whl", hash = "sha256:f27e980f2feba5dfe7a32b22b125470de69c0bd113c75e16165de909a777f512"},
    {file = "coverage-7.14.2-cp314-cp314t-musllinux_1_2_ppc64le.whl", hash = "sha256:105c00efb65c863630b2b63cbf7b8267e4da2d44b62284efbb19a03b04c337d4"},
    {file = "coverage-7.14.2-cp314-cp314t-musllinux_1_2_riscv64.whl", hash = "sha256:571173fa04c8e8d6235ab32ae67fecca97777e2e1b4a1a30f3022c34e397c1c1"},
    {file = "coverage-7.14.2-cp314-cp314t-musllinux_1_2_x86_64.whl", hash = "sha256:e532f34d42d1a421fa00ed6b7735d14ac2e340256c1bad26a5e1dc1252b0bed7"},
    {file = "coverage-7.14.2-cp314-cp314t-win32.whl", hash = "sha256:243971550fb46c3039257f75e65610002d84304c505f609bbd9779e20a653a0a"},
    {file = "coverage-7.14.2-cp314-cp314t-win_amd64.whl", hash = "sha256:60fb0ca084a92da96474b8b405a7ea76dfecac3c68db54383e7934b6f3871169"},
    {file = "coverage-7.14.2-cp314-cp314t-win_arm64.whl", hash = "sha256:36a0a3f42ed7dfdbca2a69a541519ffd5064a5692152fc0018109e74370d7345"},
    {file = "coverage-7.14.2-py3-none-any.whl", hash = "sha256:04d92589e481a8b68a005a5a1e0646a91c76f322c397c4635298c57cf63699b5"},
    {file = "coverage-7.14.2.tar.gz", hash = "sha256:7a2da3d81cfe17c18038c6d98e6592aa9147d596d056119b0ee612c3c8bd5230"},
]

[package.extras]
toml = ["tomli ; python_full_version <= \"3.11.0a6\""]

[[package]]
name = "iniconfig"
version = "2.3.0"
description = "brain-dead simple config-ini parsing"
optional = false
python-versions = ">=3.10"
groups = ["dev"]
files = [
    {file = "iniconfig-2.3.0-py3-none-any.whl", hash = "sha256:f631c04d2c48c52b84d0d0549c99ff3859c98df65b3101406327ecc7d53fbf12"},
    {file = "iniconfig-2.3.0.tar.gz", hash = "sha256:c76315c77db068650d49c5b56314774a7804df16fee4402c1f19d6d15d8c4730"},
]

[[package]]
name = "mslex"
version = "1.3.0"
description = "shlex for windows"
optional = false
python-versions = ">=3.5"
groups = ["dev"]
markers = "sys_platform == \"win32\""
files = [
    {file = "mslex-1.3.0-py3-none-any.whl", hash = "sha256:c7074b347201b3466fc077c5692fbce9b5f62a63a51f537a53fbbd02eff2eea4"},
    {file = "mslex-1.3.0.tar.gz", hash = "sha256:641c887d1d3db610eee2af37a8e5abda3f70b3006cdfd2d0d29dc0d1ae28a85d"},
]

[[package]]
name = "packaging"
version = "26.2"
description = "Core utilities for Python packages"
optional = false
python-versions = ">=3.8"
groups = ["dev"]
files = [
    {file = "packaging-26.2-py3-none-any.whl", hash = "sha256:5fc45236b9446107ff2415ce77c807cee2862cb6fac22b8a73826d0693b0980e"},
    {file = "packaging-26.2.tar.gz", hash = "sha256:ff452ff5a3e828ce110190feff1178bb1f2ea2281fa2075aadb987c2fb221661"},
]

[[package]]
name = "pluggy"
version = "1.6.0"
description = "plugin and hook calling mechanisms for python"
optional = false
python-versions = ">=3.9"
groups = ["dev"]
files = [
    {file = "pluggy-1.6.0-py3-none-any.whl", hash = "sha256:e920276dd6813095e9377c0bc5566d94c932c33b27a3e3945d8389c374dd4746"},
    {file = "pluggy-1.6.0.tar.gz", hash = "sha256:7dcc130b76258d33b90f61b658791dede3486c3e6bfb003ee5c9bfb396dd22f3"},
]

[package.extras]
dev = ["pre-commit", "tox"]
testing = ["coverage", "pytest", "pytest-benchmark"]

[[package]]
name = "psutil"
version = "6.1.1"
description = "Cross-platform lib for process and system monitoring in Python."
optional = false
python-versions = "!=3.0.*,!=3.1.*,!=3.2.*,!=3.3.*,!=3.4.*,!=3.5.*,>=2.7"
groups = ["dev"]
files = [
    {file = "psutil-6.1.1-cp27-cp27m-macosx_10_9_x86_64.whl", hash = "sha256:9ccc4316f24409159897799b83004cb1e24f9819b0dcf9c0b68bdcb6cefee6a8"},
    {file = "psutil-6.1.1-cp27-cp27m-manylinux2010_i686.whl", hash = "sha256:ca9609c77ea3b8481ab005da74ed894035936223422dc591d6772b147421f777"},
    {file = "psutil-6.1.1-cp27-cp27m-manylinux2010_x86_64.whl", hash = "sha256:8df0178ba8a9e5bc84fed9cfa61d54601b371fbec5c8eebad27575f1e105c0d4"},
    {file = "psutil-6.1.1-cp27-cp27mu-manylinux2010_i686.whl", hash = "sha256:1924e659d6c19c647e763e78670a05dbb7feaf44a0e9c94bf9e14dfc6ba50468"},
    {file = "psutil-6.1.1-cp27-cp27mu-manylinux2010_x86_64.whl", hash = "sha256:018aeae2af92d943fdf1da6b58665124897cfc94faa2ca92098838f83e1b1bca"},
    {file = "psutil-6.1.1-cp27-none-win32.whl", hash = "sha256:6d4281f5bbca041e2292be3380ec56a9413b790579b8e593b1784499d0005dac"},
    {file = "psutil-6.1.1-cp27-none-win_amd64.whl", hash = "sha256:c777eb75bb33c47377c9af68f30e9f11bc78e0f07fbf907be4a5d70b2fe5f030"},
    {file = "psutil-6.1.1-cp36-abi3-macosx_10_9_x86_64.whl", hash = "sha256:fc0ed7fe2231a444fc219b9c42d0376e0a9a1a72f16c5cfa0f68d19f1a0663e8"},
    {file = "psutil-6.1.1-cp36-abi3-macosx_11_0_arm64.whl", hash = "sha256:0bdd4eab935276290ad3cb718e9809412895ca6b5b334f5a9111ee6d9aff9377"},
    {file = "psutil-6.1.1-cp36-abi3-manylinux_2_12_i686.manylinux2010_i686.manylinux_2_17_i686.manylinux2014_i686.whl", hash = "sha256:b6e06c20c05fe95a3d7302d74e7097756d4ba1247975ad6905441ae1b5b66003"},
    {file = "psutil-6.1.1-cp36-abi3-manylinux_2_12_x86_64.manylinux2010_x86_64.manylinux_2_17_x86_64.manylinux2014_x86_64.whl", hash = "sha256:97f7cb9921fbec4904f522d972f0c0e1f4fabbdd4e0287813b21215074a0f160"},
    {file = "psutil-6.1.1-cp36-abi3-manylinux_2_17_aarch64.manylinux2014_aarch64.whl", hash = "sha256:33431e84fee02bc84ea36d9e2c4a6d395d479c9dd9bba2376c1f6ee8f3a4e0b3"},
    {file = "psutil-6.1.1-cp36-cp36m-win32.whl", hash = "sha256:384636b1a64b47814437d1173be1427a7c83681b17a450bfc309a1953e329603"},
    {file = "psutil-6.1.1-cp36-cp36m-win_amd64.whl", hash = "sha256:8be07491f6ebe1a693f17d4f11e69d0dc1811fa082736500f649f79df7735303"},
    {file = "psutil-6.1.1-cp37-abi3-win32.whl", hash = "sha256:eaa912e0b11848c4d9279a93d7e2783df352b082f40111e078388701fd479e53"},
    {file = "psutil-6.1.1-cp37-abi3-win_amd64.whl", hash = "sha256:f35cfccb065fff93529d2afb4a2e89e363fe63ca1e4a5da22b603a85833c2649"},
    {file = "psutil-6.1.1.tar.gz", hash = "sha256:cf8496728c18f2d0b45198f06895be52f36611711746b7f30c464b422b50e2f5"},
]

[package.extras]
dev = ["abi3audit", "black", "check-manifest", "coverage", "packaging", "pylint", "pyperf", "pypinfo", "pytest-cov", "requests", "rstcheck", "ruff", "sphinx", "sphinx_rtd_theme", "toml-sort", "twine", "virtualenv", "vulture", "wheel"]
test = ["pytest", "pytest-xdist", "setuptools"]

[[package]]
name = "pygments"
version = "2.20.0"
description = "Pygments is a syntax highlighting package written in Python."
optional = false
python-versions = ">=3.9"
groups = ["dev"]
files = [
    {file = "pygments-2.20.0-py3-none-any.whl", hash = "sha256:81a9e26dd42fd28a23a2d169d86d7ac03b46e2f8b59ed4698fb4785f946d0176"},
    {file = "pygments-2.20.0.tar.gz", hash = "sha256:6757cd03768053ff99f3039c1a36d6c0aa0b263438fcab17520b30a303a82b5f"},
]

[package.extras]
windows-terminal = ["colorama (>=0.4.6)"]

[[package]]
name = "pytest"
version = "9.1.1"
description = "pytest: simple powerful testing with Python"
optional = false
python-versions = ">=3.10"
groups = ["dev"]
files = [
    {file = "pytest-9.1.1-py3-none-any.whl", hash = "sha256:37a86b45efb9a47a61a36449063e8e18d0cab3161329fc099eb21783169c4f0c"},
    {file = "pytest-9.1.1.tar.gz", hash = "sha256:1088fbde8f2b49d95a549a195707afa7a76a3ce9bcadc26b6d71f0ffda5fe313"},
]

[package.dependencies]
colorama = {version = ">=0.4", markers = "sys_platform == \"win32\""}
iniconfig = ">=1.0.1"
packaging = ">=22"
pluggy = ">=1.5,<2"
pygments = ">=2.7.2"

[package.extras]
dev = ["argcomplete", "attrs (>=19.2)", "hypothesis (>=3.56)", "mock", "requests", "setuptools", "xmlschema"]

[[package]]
name = "pytest-cov"
version = "7.1.0"
description = "Pytest plugin for measuring coverage."
optional = false
python-versions = ">=3.9"
groups = ["dev"]
files = [
    {file = "pytest_cov-7.1.0-py3-none-any.whl", hash = "sha256:a0461110b7865f9a271aa1b51e516c9a95de9d696734a2f71e3e78f46e1d4678"},
    {file = "pytest_cov-7.1.0.tar.gz", hash = "sha256:30674f2b5f6351aa09702a9c8c364f6a01c27aae0c1366ae8016160d1efc56b2"},
]

[package.dependencies]
coverage = {version = ">=7.10.6", extras = ["toml"]}
pluggy = ">=1.2"
pytest = ">=7"

[package.extras]
testing = ["process-tests", "pytest-xdist", "virtualenv"]

[[package]]
name = "ruff"
version = "0.15.18"
description = "An extremely fast Python linter and code formatter, written in Rust."
optional = false
python-versions = ">=3.7"
groups = ["dev"]
files = [
    {file = "ruff-0.15.18-py3-none-linux_armv6l.whl", hash = "sha256:8b6850172348c8381b8b3084c5915a4393c2373b9b54cd5b5e1ea15812bc10df"},
    {file = "ruff-0.15.18-py3-none-macosx_10_12_x86_64.whl", hash = "sha256:3fccc153a85417dcd976883160cacce486997b0a0058dd18f54b8aaaac7d1ce2"},
    {file = "ruff-0.15.18-py3-none-macosx_11_0_arm64.whl", hash = "sha256:08d4c86a68f2c3ec2c9d56380a71fb4a4f65373055cbb8caabd645e9102f38d4"},
    {file = "ruff-0.15.18-py3-none-manylinux_2_17_aarch64.manylinux2014_aarch64.whl", hash = "sha256:37e5108745c2c0705da916d7d4de533ddf547051ef45f62888c31bae73f66318"},
    {file = "ruff-0.15.18-py3-none-manylinux_2_17_armv7l.manylinux2014_armv7l.whl", hash = "sha256:56949a6ce8b3abde54c0bcb22cebfe57e8771cadc84b407ae8b8eaf67ebdcd43"},
    {file = "ruff-0.15.18-py3-none-manylinux_2_17_i686.manylinux2014_i686.whl", hash = "sha256:01a754cd6a1b630d3f97e33eb452cf7a98040482318e870f8bc52a5a30e62657"},
    {file = "ruff-0.15.18-py3-none-manylinux_2_17_ppc64le.manylinux2014_ppc64le.whl", hash = "sha256:6ba7a07e03a44dbf10bb086ee06705b173625014ec99f73a7e6836a5e5590a0c"},
    {file = "ruff-0.15.18-py3-none-manylinux_2_17_s390x.manylinux2014_s390x.whl", hash = "sha256:5a2c40a41a4cadbcf5897b548ab29dfe248b20c540961c0247d98a3973c70403"},
    {file = "ruff-0.15.18-py3-none-manylinux_2_17_x86_64.manylinux2014_x86_64.whl", hash = "sha256:5f0480ce690cbb6c4db6e5d08f19fce98e10ba131a8b60c1bcdac42771e3ae2d"},
    {file = "ruff-0.15.18-py3-none-manylinux_2_31_riscv64.whl", hash = "sha256:2330215f1f393fa8733f55edce04fcf94c36a2c460fcde31f78cc84e4951e9b1"},
    {file = "ruff-0.15.18-py3-none-musllinux_1_2_aarch64.whl", hash = "sha256:a6aa6a3d979e48ae617578183674bf264fbe7d0114a796a26bd678d67963c7ff"},
    {file = "ruff-0.15.18-py3-none-musllinux_1_2_armv7l.whl", hash = "sha256:a81beadbbff2c9c245561ae3f77b16709d87f35eec650d0501679239d3449b22"},
    {file = "ruff-0.15.18-py3-none-musllinux_1_2_i686.whl", hash = "sha256:2186d9e940ae332ab293623a75b5f4fe49565f449954d50a72a046683aa6b809"},
    {file = "ruff-0.15.18-py3-none-musllinux_1_2_x86_64.whl", hash = "sha256:5c2abf140438032bc77b2284a6c9944ecd8a19e5f1c7b52b1b8e4a0a80d19a7a"},
    {file = "ruff-0.15.18-py3-none-win32.whl", hash = "sha256:02299e6e9fa5b297a3f6d5d10d7bcd655c925b028bb8b9d4588214549c6b9ec4"},
    {file = "ruff-0.15.18-py3-none-win_amd64.whl", hash = "sha256:dac80dc8d26b2257dbefabed62f5d255c3937b4ccb122da1fc634794fa3578b3"},
    {file = "ruff-0.15.18-py3-none-win_arm64.whl", hash = "sha256:b2c9257fcbd4a3e5b977a1904e6facca016bafe2edc17df24db67cfaee03b4e4"},
    {file = "ruff-0.15.18.tar.gz", hash = "sha256:2698a964c70e8bf402dcb99c8810472d270d141e7aa8c4e13599fd52033a2f33"},
]

[[package]]
name = "taskipy"
version = "1.14.1"
description = "tasks runner for python projects"
optional = false
python-versions = "<4.0,>=3.6"
groups = ["dev"]
files = [
    {file = "taskipy-1.14.1-py3-none-any.whl", hash = "sha256:6e361520f29a0fd2159848e953599f9c75b1d0b047461e4965069caeb94908f1"},
    {file = "taskipy-1.14.1.tar.gz", hash = "sha256:410fbcf89692dfd4b9f39c2b49e1750b0a7b81affd0e2d7ea8c35f9d6a4774ed"},
]

[package.dependencies]
colorama = ">=0.4.4,<0.5.0"
mslex = {version = ">=1.1.0,<2.0.0", markers = "sys_platform == \"win32\""}
psutil = ">=5.7.2,<7"
tomli = {version = ">=2.0.1,<3.0.0", markers = "python_version >= \"3.7\" and python_version < \"4.0\""}

[[package]]
name = "tomli"
version = "2.4.1"
description = "A lil' TOML parser"
optional = false
python-versions = ">=3.8"
groups = ["dev"]
files = [
    {file = "tomli-2.4.1-cp311-cp311-macosx_10_9_x86_64.whl", hash = "sha256:f8f0fc26ec2cc2b965b7a3b87cd19c5c6b8c5e5f436b984e85f486d652285c30"},
    {file = "tomli-2.4.1-cp311-cp311-macosx_11_0_arm64.whl", hash = "sha256:4ab97e64ccda8756376892c53a72bd1f964e519c77236368527f758fbc36a53a"},
    {file = "tomli-2.4.1-cp311-cp311-manylinux2014_aarch64.manylinux_2_17_aarch64.manylinux_2_28_aarch64.whl", hash = "sha256:96481a5786729fd470164b47cdb3e0e58062a496f455ee41b4403be77cb5a076"},
    {file = "tomli-2.4.1-cp311-cp311-manylinux2014_x86_64.manylinux_2_17_x86_64.manylinux_2_28_x86_64.whl", hash = "sha256:5a881ab208c0baf688221f8cecc5401bd291d67e38a1ac884d6736cbcd8247e9"},
    {file = "tomli-2.4.1-cp311-cp311-musllinux_1_2_aarch64.whl", hash = "sha256:47149d5bd38761ac8be13a84864bf0b7b70bc051806bc3669ab1cbc56216b23c"},
    {file = "tomli-2.4.1-cp311-cp311-musllinux_1_2_x86_64.whl", hash = "sha256:ec9bfaf3ad2df51ace80688143a6a4ebc09a248f6ff781a9945e51937008fcbc"},
    {file = "tomli-2.4.1-cp311-cp311-win32.whl", hash = "sha256:ff2983983d34813c1aeb0fa89091e76c3a22889ee83ab27c5eeb45100560c049"},
    {file = "tomli-2.4.1-cp311-cp311-win_amd64.whl", hash = "sha256:5ee18d9ebdb417e384b58fe414e8d6af9f4e7a0ae761519fb50f721de398dd4e"},
    {file = "tomli-2.4.1-cp311-cp311-win_arm64.whl", hash = "sha256:c2541745709bad0264b7d4705ad453b76ccd191e64aa6f0fc66b69a293a45ece"},
    {file = "tomli-2.4.1-cp312-cp312-macosx_10_13_x86_64.whl", hash = "sha256:c742f741d58a28940ce01d58f0ab2ea3ced8b12402f162f4d534dfe18ba1cd6a"},
    {file = "tomli-2.4.1-cp312-cp312-macosx_11_0_arm64.whl", hash = "sha256:7f86fd587c4ed9dd76f318225e7d9b29cfc5a9d43de44e5754db8d1128487085"},
    {file = "tomli-2.4.1-cp312-cp312-manylinux2014_aarch64.manylinux_2_17_aarch64.manylinux_2_28_aarch64.whl", hash = "sha256:ff18e6a727ee0ab0388507b89d1bc6a22b138d1e2fa56d1ad494586d61d2eae9"},
    {file = "tomli-2.4.1-cp312-cp312-manylinux2014_x86_64.manylinux_2_17_x86_64.manylinux_2_28_x86_64.whl", hash = "sha256:136443dbd7e1dee43c68ac2694fde36b2849865fa258d39bf822c10e8068eac5"},
    {file = "tomli-2.4.1-cp312-cp312-musllinux_1_2_aarch64.whl", hash = "sha256:5e262d41726bc187e69af7825504c933b6794dc3fbd5945e41a79bb14c31f585"},
    {file = "tomli-2.4.1-cp312-cp312-musllinux_1_2_x86_64.whl", hash = "sha256:5cb41aa38891e073ee49d55fbc7839cfdb2bc0e600add13874d048c94aadddd1"},
    {file = "tomli-2.4.1-cp312-cp312-win32.whl", hash = "sha256:da25dc3563bff5965356133435b757a795a17b17d01dbc0f42fb32447ddfd917"},
    {file = "tomli-2.4.1-cp312-cp312-win_amd64.whl", hash = "sha256:52c8ef851d9a240f11a88c003eacb03c31fc1c9c4ec64a99a0f922b93874fda9"},
    {file = "tomli-2.4.1-cp312-cp312-win_arm64.whl", hash = "sha256:f758f1b9299d059cc3f6546ae2af89670cb1c4d48ea29c3cacc4fe7de3058257"},
    {file = "tomli-2.4.1-cp313-cp313-macosx_10_13_x86_64.whl", hash = "sha256:36d2bd2ad5fb9eaddba5226aa02c8ec3fa4f192631e347b3ed28186d43be6b54"},
    {file = "tomli-2.4.1-cp313-cp313-macosx_11_0_arm64.whl", hash = "sha256:eb0dc4e38e6a1fd579e5d50369aa2e10acfc9cace504579b2faabb478e76941a"},
    {file = "tomli-2.4.1-cp313-cp313-manylinux2014_aarch64.manylinux_2_17_aarch64.manylinux_2_28_aarch64.whl", hash = "sha256:c7f2c7f2b9ca6bdeef8f0fa897f8e05085923eb091721675170254cbc5b02897"},
    {file = "tomli-2.4.1-cp313-cp313-manylinux2014_x86_64.manylinux_2_17_x86_64.manylinux_2_28_x86_64.whl", hash = "sha256:f3c6818a1a86dd6dca7ddcaaf76947d5ba31aecc28cb1b67009a5877c9a64f3f"},
    {file = "tomli-2.4.1-cp313-cp313-musllinux_1_2_aarch64.whl", hash = "sha256:d312ef37c91508b0ab2cee7da26ec0b3ed2f03ce12bd87a588d771ae15dcf82d"},
    {file = "tomli-2.4.1-cp313-cp313-musllinux_1_2_x86_64.whl", hash = "sha256:51529d40e3ca50046d7606fa99ce3956a617f9b36380da3b7f0dd3dd28e68cb5"},
    {file = "tomli-2.4.1-cp313-cp313-win32.whl", hash = "sha256:2190f2e9dd7508d2a90ded5ed369255980a1bcdd58e52f7fe24b8162bf9fedbd"},
    {file = "tomli-2.4.1-cp313-cp313-win_amd64.whl", hash = "sha256:8d65a2fbf9d2f8352685bc1364177ee3923d6baf5e7f43ea4959d7d8bc326a36"},
    {file = "tomli-2.4.1-cp313-cp313-win_arm64.whl", hash = "sha256:4b605484e43cdc43f0954ddae319fb75f04cc10dd80d830540060ee7cd0243cd"},
    {file = "tomli-2.4.1-cp314-cp314-macosx_10_15_x86_64.whl", hash = "sha256:fd0409a3653af6c147209d267a0e4243f0ae46b011aa978b1080359fddc9b6cf"},
    {file = "tomli-2.4.1-cp314-cp314-macosx_11_0_arm64.whl", hash = "sha256:a120733b01c45e9a0c34aeef92bf0cf1d56cfe81ed9d47d562f9ed591a9828ac"},
    {file = "tomli-2.4.1-cp314-cp314-manylinux2014_aarch64.manylinux_2_17_aarch64.manylinux_2_28_aarch64.whl", hash = "sha256:559db847dc486944896521f68d8190be1c9e719fced785720d2216fe7022b662"},
    {file = "tomli-2.4.1-cp314-cp314-manylinux2014_x86_64.manylinux_2_17_x86_64.manylinux_2_28_x86_64.whl", hash = "sha256:01f520d4f53ef97964a240a035ec2a869fe1a37dde002b57ebc4417a27ccd853"},
    {file = "tomli-2.4.1-cp314-cp314-musllinux_1_2_aarch64.whl", hash = "sha256:7f94b27a62cfad8496c8d2513e1a222dd446f095fca8987fceef261225538a15"},
    {file = "tomli-2.4.1-cp314-cp314-musllinux_1_2_x86_64.whl", hash = "sha256:ede3e6487c5ef5d28634ba3f31f989030ad6af71edfb0055cbbd14189ff240ba"},
    {file = "tomli-2.4.1-cp314-cp314-win32.whl", hash = "sha256:3d48a93ee1c9b79c04bb38772ee1b64dcf18ff43085896ea460ca8dec96f35f6"},
    {file = "tomli-2.4.1-cp314-cp314-win_amd64.whl", hash = "sha256:88dceee75c2c63af144e456745e10101eb67361050196b0b6af5d717254dddf7"},
    {file = "tomli-2.4.1-cp314-cp314-win_arm64.whl", hash = "sha256:b8c198f8c1805dc42708689ed6864951fd2494f924149d3e4bce7710f8eb5232"},
    {file = "tomli-2.4.1-cp314-cp314t-macosx_10_15_x86_64.whl", hash = "sha256:d4d8fe59808a54658fcc0160ecfb1b30f9089906c50b23bcb4c69eddc19ec2b4"},
    {file = "tomli-2.4.1-cp314-cp314t-macosx_11_0_arm64.whl", hash = "sha256:7008df2e7655c495dd12d2a4ad038ff878d4ca4b81fccaf82b714e07eae4402c"},
    {file = "tomli-2.4.1-cp314-cp314t-manylinux2014_aarch64.manylinux_2_17_aarch64.manylinux_2_28_aarch64.whl", hash = "sha256:1d8591993e228b0c930c4bb0db464bdad97b3289fb981255d6c9a41aedc84b2d"},
    {file = "tomli-2.4.1-cp314-cp314t-manylinux2014_x86_64.manylinux_2_17_x86_64.manylinux_2_28_x86_64.whl", hash = "sha256:734e20b57ba95624ecf1841e72b53f6e186355e216e5412de414e3c51e5e3c41"},
    {file = "tomli-2.4.1-cp314-cp314t-musllinux_1_2_aarch64.whl", hash = "sha256:8a650c2dbafa08d42e51ba0b62740dae4ecb9338eefa093aa5c78ceb546fcd5c"},
    {file = "tomli-2.4.1-cp314-cp314t-musllinux_1_2_x86_64.whl", hash = "sha256:504aa796fe0569bb43171066009ead363de03675276d2d121ac1a4572397870f"},
    {file = "tomli-2.4.1-cp314-cp314t-win32.whl", hash = "sha256:b1d22e6e9387bf4739fbe23bfa80e93f6b0373a7f1b96c6227c32bef95a4d7a8"},
    {file = "tomli-2.4.1-cp314-cp314t-win_amd64.whl", hash = "sha256:2c1c351919aca02858f740c6d33adea0c5deea37f9ecca1cc1ef9e884a619d26"},
    {file = "tomli-2.4.1-cp314-cp314t-win_arm64.whl", hash = "sha256:eab21f45c7f66c13f2a9e0e1535309cee140182a9cdae1e041d02e47291e8396"},
    {file = "tomli-2.4.1-py3-none-any.whl", hash = "sha256:0d85819802132122da43cb86656f8d1f8c6587d54ae7dcaf30e90533028b49fe"},
    {file = "tomli-2.4.1.tar.gz", hash = "sha256:7c7e1a961a0b2f2472c1ac5b69affa0ae1132c39adcb67aba98568702b9cc23f"},
]

[[package]]
name = "typos"
version = "1.47.2"
description = "Source Code Spelling Correction"
optional = false
python-versions = ">=3.8"
groups = ["dev"]
files = [
    {file = "typos-1.47.2-py3-none-macosx_10_12_x86_64.whl", hash = "sha256:87df3040f9d34afd9b19a9437045fbb8838a0435eb00f047e4bac48d92f2fc44"},
    {file = "typos-1.47.2-py3-none-macosx_11_0_arm64.whl", hash = "sha256:287e2718a058c561baf5f55ec6b466d9270546bcb1951a2c120e594c574b9597"},
    {file = "typos-1.47.2-py3-none-manylinux_2_17_aarch64.manylinux2014_aarch64.whl", hash = "sha256:3e4ef6632b280ce237caaec38d80dd3c2d956e28aa6925f80d4e915335b94a36"},
    {file = "typos-1.47.2-py3-none-manylinux_2_17_i686.manylinux2014_i686.whl", hash = "sha256:cd7b310019943e26552809bd17f9f202b45eb0c9694f437f1708ab0868248ced"},
    {file = "typos-1.47.2-py3-none-manylinux_2_17_x86_64.manylinux2014_x86_64.whl", hash = "sha256:f525edf9b67d3ede552bb70bd4171f23e5e8edec3187189dfe8d1676df630b44"},
    {file = "typos-1.47.2-py3-none-musllinux_1_2_aarch64.whl", hash = "sha256:6c36a97ab3dd8c8924cd9b907a32e9aac504fc779d0c3b05e19204ca93385c37"},
    {file = "typos-1.47.2-py3-none-musllinux_1_2_x86_64.whl", hash = "sha256:4eb36a44daed1d719ce417d2a6dd7a323d814ccdc647d9bb20d17ac2bed9e38c"},
    {file = "typos-1.47.2-py3-none-win32.whl", hash = "sha256:d0c01034bc029d8883406f3e2bed46dfa9b090ce6ad4a99e580070ae51307cfa"},
    {file = "typos-1.47.2-py3-none-win_amd64.whl", hash = "sha256:749bbba363067bfc0e54ccc6e7580750e17f5ef093c91fedf6c2eb27d32efee6"},
    {file = "typos-1.47.2.tar.gz", hash = "sha256:d303e8c495ea870f750d8b37f2d3c3fe2441b00cf18ca5d7e0b52eca1938c7b7"},
]

[metadata]
lock-version = "2.1"
python-versions = ">=3.13, <4.0"
content-hash = "c13f581eb540bb41f5dd0e015861d2be968a8ba2402c0c1352f2b0a4cb4df2e3"
